{
  "name": "rufa-test-middleware",
  "version": "1.0.0",
  "lockfileVersion": 3,
  "requires": true,
  "packages": {
    "": {
      "name": "rufa-test-middleware",
      "version": "1.0.0",
      "license": "MIT",
      "dependencies": {
        "rufa-test-lib": "github:akshay-hudev/rufa-test-lib#main"
      },
      "devDependencies": {
        "typescript": "5.9.3"
      }
    },
    "node_modules/rufa-test-lib": {
      "version": "1.0.0",
      "resolved": "git+ssh://git@github.com/akshay-hudev/rufa-test-lib.git#37c7a83c8b9656273996e9d9a07b4c2b2804b780",
      "license": "MIT"
    },
    "node_modules/typescript": {
      "version": "5.9.3",
      "resolved": "https://registry.npmjs.org/typescript/-/typescript-5.9.3.tgz",
      "integrity": "sha512-jl1vZzPDinLr9eUt3J/t7V6FgNEw9QjvBPdysz9KfQDD41fQrC2Y4vKQdiaUpFT4bXlb1RHhLpp8wtm6M5TgSw==",
      "dev": true,
      "license": "Apache-2.0",
      "bin": {
        "tsc": "bin/tsc",
        "tsserver": "bin/tsserver"
      },
      "engines": {
        "node": ">=14.17"
      }
    }
  }
}
